
Microsoft Visual Studio Solution File, Format Version 12.00
Project("{FAE04EC0-301F-11D3-BF4B-00C04F79EFBC}") = "Df.AuditLogging", "Df.AuditLogging\Df.AuditLogging.csproj", "{D0920C41-C4B9-4B46-B310-9DB68DF45230}"
EndProject
Project("{FAE04EC0-301F-11D3-BF4B-00C04F79EFBC}") = "UnitTests", "UnitTests\UnitTests.csproj", "{F51B1814-F308-4461-B7D5-936387F0131A}"
EndProject
Global
	GlobalSection(SolutionConfigurationPlatforms) = preSolution
		Debug|Any CPU = Debug|Any CPU
		Release|Any CPU = Release|Any CPU
	EndGlobalSection
	GlobalSection(ProjectConfigurationPlatforms) = postSolution
		{D0920C41-C4B9-4B46-B310-9DB68DF45230}.Debug|Any CPU.ActiveCfg = Debug|Any CPU
		{D0920C41-C4B9-4B46-B310-9DB68DF45230}.Debug|Any CPU.Build.0 = Debug|Any CPU
		{D0920C41-C4B9-4B46-B310-9DB68DF45230}.Release|Any CPU.ActiveCfg = Release|Any CPU
		{D0920C41-C4B9-4B46-B310-9DB68DF45230}.Release|Any CPU.Build.0 = Release|Any CPU
		{F51B1814-F308-4461-B7D5-936387F0131A}.Debug|Any CPU.ActiveCfg = Debug|Any CPU
		{F51B1814-F308-4461-B7D5-936387F0131A}.Debug|Any CPU.Build.0 = Debug|Any CPU
		{F51B1814-F308-4461-B7D5-936387F0131A}.Release|Any CPU.ActiveCfg = Release|Any CPU
		{F51B1814-F308-4461-B7D5-936387F0131A}.Release|Any CPU.Build.0 = Release|Any CPU
	EndGlobalSection
EndGlobal
